Microsoft Visual Studio Solution File, Format Version 9.00
# Visual Studio 2005
Project("{F184B08F-C81C-45F6-A57F-5ABD9991F28F}") = "TempCollection.Module", "TempCollection.Module\TempCollection.Module.vbproj", "{5E8C3146-525C-46A6-AF70-D40C6C589376}"
EndProject
Project("{F184B08F-C81C-45F6-A57F-5ABD9991F28F}") = "TempCollection.Module.Win", "TempCollection.Module.Win\TempCollection.Module.Win.vbproj", "{DCC944D3-7930-45AF-A50E-23903F05C8F0}"
EndProject
Project("{F184B08F-C81C-45F6-A57F-5ABD9991F28F}") = "TempCollection.Win", "TempCollection.Win\TempCollection.Win.vbproj", "{F2DCD64A-64B4-412B-82C5-618E33E22C5D}"
EndProject
Global
	GlobalSection(SolutionConfigurationPlatforms) = preSolution
		Debug|Any CPU = Debug|Any CPU
		Release|Any CPU = Release|Any CPU
	EndGlobalSection
	GlobalSection(ProjectConfigurationPlatforms) = postSolution
		{5E8C3146-525C-46A6-AF70-D40C6C589376}.Debug|Any CPU.ActiveCfg = Debug|Any CPU
		{5E8C3146-525C-46A6-AF70-D40C6C589376}.Debug|Any CPU.Build.0 = Debug|Any CPU
		{5E8C3146-525C-46A6-AF70-D40C6C589376}.Release|Any CPU.ActiveCfg = Release|Any CPU
		{5E8C3146-525C-46A6-AF70-D40C6C589376}.Release|Any CPU.Build.0 = Release|Any CPU
		{DCC944D3-7930-45AF-A50E-23903F05C8F0}.Debug|Any CPU.ActiveCfg = Debug|Any CPU
		{DCC944D3-7930-45AF-A50E-23903F05C8F0}.Debug|Any CPU.Build.0 = Debug|Any CPU
		{DCC944D3-7930-45AF-A50E-23903F05C8F0}.Release|Any CPU.ActiveCfg = Release|Any CPU
		{DCC944D3-7930-45AF-A50E-23903F05C8F0}.Release|Any CPU.Build.0 = Release|Any CPU
		{F2DCD64A-64B4-412B-82C5-618E33E22C5D}.Debug|Any CPU.ActiveCfg = Debug|Any CPU
		{F2DCD64A-64B4-412B-82C5-618E33E22C5D}.Debug|Any CPU.Build.0 = Debug|Any CPU
		{F2DCD64A-64B4-412B-82C5-618E33E22C5D}.Release|Any CPU.ActiveCfg = Release|Any CPU
		{F2DCD64A-64B4-412B-82C5-618E33E22C5D}.Release|Any CPU.Build.0 = Release|Any CPU
	EndGlobalSection
	GlobalSection(SolutionProperties) = preSolution
		HideSolutionNode = FALSE
	EndGlobalSection
EndGlobal
